
Microsoft Visual Studio Solution File, Format Version 12.00
# Visual Studio Version 17
VisualStudioVersion = 17.13.35806.99 d17.13
MinimumVisualStudioVersion = 10.0.40219.1
Project("{8BC9CEB8-8B4A-11D0-8D11-00A0C91BC942}") = "bubble_sort", "bubble_sort\bubble_sort.vcxproj", "{0230804C-D9BB-416B-8834-560EBB04EBB4}"
EndProject
Project("{8BC9CEB8-8B4A-11D0-8D11-00A0C91BC942}") = "insertion_sort", "insertion_sort\insertion_sort.vcxproj", "{33C230DA-B432-4D5A-B64B-D241234AFBAC}"
EndProject
Project("{8BC9CEB8-8B4A-11D0-8D11-00A0C91BC942}") = "selection_sort", "selection_sort\selection_sort.vcxproj", "{371617D0-8687-4801-81EF-9BD6E98A6152}"
EndProject
Project("{8BC9CEB8-8B4A-11D0-8D11-00A0C91BC942}") = "merge_sort", "merge_sort\merge_sort.vcxproj", "{8DD64140-FE8C-4C53-9C29-C1348B58D3FB}"
EndProject
Project("{8BC9CEB8-8B4A-11D0-8D11-00A0C91BC942}") = "quick_sort", "quick_sort\quick_sort.vcxproj", "{73572280-0F9E-441A-9AEE-E29F1F5BCD14}"
EndProject
Global
	GlobalSection(SolutionConfigurationPlatforms) = preSolution
		Debug|x64 = Debug|x64
		Debug|x86 = Debug|x86
		Release|x64 = Release|x64
		Release|x86 = Release|x86
	EndGlobalSection
	GlobalSection(ProjectConfigurationPlatforms) = postSolution
		{0230804C-D9BB-416B-8834-560EBB04EBB4}.Debug|x64.ActiveCfg = Debug|x64
		{0230804C-D9BB-416B-8834-560EBB04EBB4}.Debug|x64.Build.0 = Debug|x64
		{0230804C-D9BB-416B-8834-560EBB04EBB4}.Debug|x86.ActiveCfg = Debug|Win32
		{0230804C-D9BB-416B-8834-560EBB04EBB4}.Debug|x86.Build.0 = Debug|Win32
		{0230804C-D9BB-416B-8834-560EBB04EBB4}.Release|x64.ActiveCfg = Release|x64
		{0230804C-D9BB-416B-8834-560EBB04EBB4}.Release|x64.Build.0 = Release|x64
		{0230804C-D9BB-416B-8834-560EBB04EBB4}.Release|x86.ActiveCfg = Release|Win32
		{0230804C-D9BB-416B-8834-560EBB04EBB4}.Release|x86.Build.0 = Release|Win32
		{33C230DA-B432-4D5A-B64B-D241234AFBAC}.Debug|x64.ActiveCfg = Debug|x64
		{33C230DA-B432-4D5A-B64B-D241234AFBAC}.Debug|x64.Build.0 = Debug|x64
		{33C230DA-B432-4D5A-B64B-D241234AFBAC}.Debug|x86.ActiveCfg = Debug|Win32
		{33C230DA-B432-4D5A-B64B-D241234AFBAC}.Debug|x86.Build.0 = Debug|Win32
		{33C230DA-B432-4D5A-B64B-D241234AFBAC}.Release|x64.ActiveCfg = Release|x64
		{33C230DA-B432-4D5A-B64B-D241234AFBAC}.Release|x64.Build.0 = Release|x64
		{33C230DA-B432-4D5A-B64B-D241234AFBAC}.Release|x86.ActiveCfg = Release|Win32
		{33C230DA-B432-4D5A-B64B-D241234AFBAC}.Release|x86.Build.0 = Release|Win32
		{371617D0-8687-4801-81EF-9BD6E98A6152}.Debug|x64.ActiveCfg = Debug|x64
		{371617D0-8687-4801-81EF-9BD6E98A6152}.Debug|x64.Build.0 = Debug|x64
		{371617D0-8687-4801-81EF-9BD6E98A6152}.Debug|x86.ActiveCfg = Debug|Win32
		{371617D0-8687-4801-81EF-9BD6E98A6152}.Debug|x86.Build.0 = Debug|Win32
		{371617D0-8687-4801-81EF-9BD6E98A6152}.Release|x64.ActiveCfg = Release|x64
		{371617D0-8687-4801-81EF-9BD6E98A6152}.Release|x64.Build.0 = Release|x64
		{371617D0-8687-4801-81EF-9BD6E98A6152}.Release|x86.ActiveCfg = Release|Win32
		{371617D0-8687-4801-81EF-9BD6E98A6152}.Release|x86.Build.0 = Release|Win32
		{8DD64140-FE8C-4C53-9C29-C1348B58D3FB}.Debug|x64.ActiveCfg = Debug|x64
		{8DD64140-FE8C-4C53-9C29-C1348B58D3FB}.Debug|x64.Build.0 = Debug|x64
		{8DD64140-FE8C-4C53-9C29-C1348B58D3FB}.Debug|x86.ActiveCfg = Debug|Win32
		{8DD64140-FE8C-4C53-9C29-C1348B58D3FB}.Debug|x86.Build.0 = Debug|Win32
		{8DD64140-FE8C-4C53-9C29-C1348B58D3FB}.Release|x64.ActiveCfg = Release|x64
		{8DD64140-FE8C-4C53-9C29-C1348B58D3FB}.Release|x64.Build.0 = Release|x64
		{8DD64140-FE8C-4C53-9C29-C1348B58D3FB}.Release|x86.ActiveCfg = Release|Win32
		{8DD64140-FE8C-4C53-9C29-C1348B58D3FB}.Release|x86.Build.0 = Release|Win32
		{73572280-0F9E-441A-9AEE-E29F1F5BCD14}.Debug|x64.ActiveCfg = Debug|x64
		{73572280-0F9E-441A-9AEE-E29F1F5BCD14}.Debug|x64.Build.0 = Debug|x64
		{73572280-0F9E-441A-9AEE-E29F1F5BCD14}.Debug|x86.ActiveCfg = Debug|Win32
		{73572280-0F9E-441A-9AEE-E29F1F5BCD14}.Debug|x86.Build.0 = Debug|Win32
		{73572280-0F9E-441A-9AEE-E29F1F5BCD14}.Release|x64.ActiveCfg = Release|x64
		{73572280-0F9E-441A-9AEE-E29F1F5BCD14}.Release|x64.Build.0 = Release|x64
		{73572280-0F9E-441A-9AEE-E29F1F5BCD14}.Release|x86.ActiveCfg = Release|Win32
		{73572280-0F9E-441A-9AEE-E29F1F5BCD14}.Release|x86.Build.0 = Release|Win32
	EndGlobalSection
	GlobalSection(SolutionProperties) = preSolution
		HideSolutionNode = FALSE
	EndGlobalSection
	GlobalSection(ExtensibilityGlobals) = postSolution
		SolutionGuid = {48147960-4241-4064-A228-A3B6275D89EC}
	EndGlobalSection
EndGlobal
