
Microsoft Visual Studio Solution File, Format Version 12.00
# Visual Studio Version 17
VisualStudioVersion = 17.13.35806.99 d17.13
MinimumVisualStudioVersion = 10.0.40219.1
Project("{8BC9CEB8-8B4A-11D0-8D11-00A0C91BC942}") = "ex01", "ex01\ex01.vcxproj", "{FE3F5D30-38FF-4656-B98A-BE2E41C4367E}"
EndProject
Project("{8BC9CEB8-8B4A-11D0-8D11-00A0C91BC942}") = "ex02", "ex02\ex02.vcxproj", "{9DC88565-2CDE-4F2E-B39A-AA8BDC124904}"
EndProject
Project("{8BC9CEB8-8B4A-11D0-8D11-00A0C91BC942}") = "ex03", "ex03\ex03.vcxproj", "{C73E5C8B-E0CC-44E8-B482-B75401095B24}"
EndProject
Global
	GlobalSection(SolutionConfigurationPlatforms) = preSolution
		Debug|x64 = Debug|x64
		Debug|x86 = Debug|x86
		Release|x64 = Release|x64
		Release|x86 = Release|x86
	EndGlobalSection
	GlobalSection(ProjectConfigurationPlatforms) = postSolution
		{FE3F5D30-38FF-4656-B98A-BE2E41C4367E}.Debug|x64.ActiveCfg = Debug|x64
		{FE3F5D30-38FF-4656-B98A-BE2E41C4367E}.Debug|x64.Build.0 = Debug|x64
		{FE3F5D30-38FF-4656-B98A-BE2E41C4367E}.Debug|x86.ActiveCfg = Debug|Win32
		{FE3F5D30-38FF-4656-B98A-BE2E41C4367E}.Debug|x86.Build.0 = Debug|Win32
		{FE3F5D30-38FF-4656-B98A-BE2E41C4367E}.Release|x64.ActiveCfg = Release|x64
		{FE3F5D30-38FF-4656-B98A-BE2E41C4367E}.Release|x64.Build.0 = Release|x64
		{FE3F5D30-38FF-4656-B98A-BE2E41C4367E}.Release|x86.ActiveCfg = Release|Win32
		{FE3F5D30-38FF-4656-B98A-BE2E41C4367E}.Release|x86.Build.0 = Release|Win32
		{9DC88565-2CDE-4F2E-B39A-AA8BDC124904}.Debug|x64.ActiveCfg = Debug|x64
		{9DC88565-2CDE-4F2E-B39A-AA8BDC124904}.Debug|x64.Build.0 = Debug|x64
		{9DC88565-2CDE-4F2E-B39A-AA8BDC124904}.Debug|x86.ActiveCfg = Debug|Win32
		{9DC88565-2CDE-4F2E-B39A-AA8BDC124904}.Debug|x86.Build.0 = Debug|Win32
		{9DC88565-2CDE-4F2E-B39A-AA8BDC124904}.Release|x64.ActiveCfg = Release|x64
		{9DC88565-2CDE-4F2E-B39A-AA8BDC124904}.Release|x64.Build.0 = Release|x64
		{9DC88565-2CDE-4F2E-B39A-AA8BDC124904}.Release|x86.ActiveCfg = Release|Win32
		{9DC88565-2CDE-4F2E-B39A-AA8BDC124904}.Release|x86.Build.0 = Release|Win32
		{C73E5C8B-E0CC-44E8-B482-B75401095B24}.Debug|x64.ActiveCfg = Debug|x64
		{C73E5C8B-E0CC-44E8-B482-B75401095B24}.Debug|x64.Build.0 = Debug|x64
		{C73E5C8B-E0CC-44E8-B482-B75401095B24}.Debug|x86.ActiveCfg = Debug|Win32
		{C73E5C8B-E0CC-44E8-B482-B75401095B24}.Debug|x86.Build.0 = Debug|Win32
		{C73E5C8B-E0CC-44E8-B482-B75401095B24}.Release|x64.ActiveCfg = Release|x64
		{C73E5C8B-E0CC-44E8-B482-B75401095B24}.Release|x64.Build.0 = Release|x64
		{C73E5C8B-E0CC-44E8-B482-B75401095B24}.Release|x86.ActiveCfg = Release|Win32
		{C73E5C8B-E0CC-44E8-B482-B75401095B24}.Release|x86.Build.0 = Release|Win32
	EndGlobalSection
	GlobalSection(SolutionProperties) = preSolution
		HideSolutionNode = FALSE
	EndGlobalSection
	GlobalSection(ExtensibilityGlobals) = postSolution
		SolutionGuid = {B8E0CF0E-DA9D-4FD9-9FF8-ECFDFA2E3568}
	EndGlobalSection
EndGlobal
